
Microsoft Visual Studio Solution File, Format Version 12.00
# Visual Studio Version 16
VisualStudioVersion = 16.0.29709.97
MinimumVisualStudioVersion = 10.0.40219.1
Project("{9A19103F-16F7-4668-BE54-9A1E7A4F7556}") = "API.Pocker", "API.Pocker\API.Pocker.csproj", "{E332D9FE-C640-4CB2-9E36-6485E6D2EC49}"
EndProject
Project("{FAE04EC0-301F-11D3-BF4B-00C04F79EFBC}") = "API.Pocker.xUnitTest", "API.Pocker.xUnitTest\API.Pocker.xUnitTest.csproj", "{7AC399DB-1F9A-4C1B-B33C-4E7C80F05717}"
EndProject
Global
	GlobalSection(SolutionConfigurationPlatforms) = preSolution
		Debug|Any CPU = Debug|Any CPU
		Release|Any CPU = Release|Any CPU
	EndGlobalSection
	GlobalSection(ProjectConfigurationPlatforms) = postSolution
		{E332D9FE-C640-4CB2-9E36-6485E6D2EC49}.Debug|Any CPU.ActiveCfg = Debug|Any CPU
		{E332D9FE-C640-4CB2-9E36-6485E6D2EC49}.Debug|Any CPU.Build.0 = Debug|Any CPU
		{E332D9FE-C640-4CB2-9E36-6485E6D2EC49}.Release|Any CPU.ActiveCfg = Release|Any CPU
		{E332D9FE-C640-4CB2-9E36-6485E6D2EC49}.Release|Any CPU.Build.0 = Release|Any CPU
		{7AC399DB-1F9A-4C1B-B33C-4E7C80F05717}.Debug|Any CPU.ActiveCfg = Debug|Any CPU
		{7AC399DB-1F9A-4C1B-B33C-4E7C80F05717}.Debug|Any CPU.Build.0 = Debug|Any CPU
		{7AC399DB-1F9A-4C1B-B33C-4E7C80F05717}.Release|Any CPU.ActiveCfg = Release|Any CPU
		{7AC399DB-1F9A-4C1B-B33C-4E7C80F05717}.Release|Any CPU.Build.0 = Release|Any CPU
	EndGlobalSection
	GlobalSection(SolutionProperties) = preSolution
		HideSolutionNode = FALSE
	EndGlobalSection
	GlobalSection(ExtensibilityGlobals) = postSolution
		SolutionGuid = {4FE0272C-B44F-4021-A5A1-238BA37A0E73}
	EndGlobalSection
EndGlobal
